
Microsoft Visual Studio Solution File, Format Version 12.00
# Visual Studio Version 17
VisualStudioVersion = 17.14.36414.22 d17.14
MinimumVisualStudioVersion = 10.0.40219.1
Project("{FAE04EC0-301F-11D3-BF4B-00C04F79EFBC}") = "API", "API\API.csproj", "{4F8454BC-6F7B-411B-A125-D3468D818FC9}"
EndProject
Project("{E24C65DC-7377-472B-9ABA-BC803B73C61A}") = "UI", "UI\", "{49D243F3-5D11-C457-D715-657C204FCEEC}"
	ProjectSection(WebsiteProperties) = preProject
		TargetFrameworkMoniker = ".NETFramework,Version%3Dv4.8"
		Debug.AspNetCompiler.VirtualPath = "/localhost_53025"
		Debug.AspNetCompiler.PhysicalPath = "UI\"
		Debug.AspNetCompiler.TargetPath = "PrecompiledWeb\localhost_53025\"
		Debug.AspNetCompiler.Updateable = "true"
		Debug.AspNetCompiler.ForceOverwrite = "true"
		Debug.AspNetCompiler.FixedNames = "false"
		Debug.AspNetCompiler.Debug = "True"
		Release.AspNetCompiler.VirtualPath = "/localhost_53025"
		Release.AspNetCompiler.PhysicalPath = "UI\"
		Release.AspNetCompiler.TargetPath = "PrecompiledWeb\localhost_53025\"
		Release.AspNetCompiler.Updateable = "true"
		Release.AspNetCompiler.ForceOverwrite = "true"
		Release.AspNetCompiler.FixedNames = "false"
		Release.AspNetCompiler.Debug = "False"
		VWDPort = "53025"
		SlnRelativePath = "UI\"
	EndProjectSection
EndProject
Global
	GlobalSection(SolutionConfigurationPlatforms) = preSolution
		Debug|Any CPU = Debug|Any CPU
		Release|Any CPU = Release|Any CPU
	EndGlobalSection
	GlobalSection(ProjectConfigurationPlatforms) = postSolution
		{4F8454BC-6F7B-411B-A125-D3468D818FC9}.Debug|Any CPU.ActiveCfg = Debug|Any CPU
		{4F8454BC-6F7B-411B-A125-D3468D818FC9}.Debug|Any CPU.Build.0 = Debug|Any CPU
		{4F8454BC-6F7B-411B-A125-D3468D818FC9}.Release|Any CPU.ActiveCfg = Release|Any CPU
		{4F8454BC-6F7B-411B-A125-D3468D818FC9}.Release|Any CPU.Build.0 = Release|Any CPU
		{49D243F3-5D11-C457-D715-657C204FCEEC}.Debug|Any CPU.ActiveCfg = Debug|Any CPU
		{49D243F3-5D11-C457-D715-657C204FCEEC}.Debug|Any CPU.Build.0 = Debug|Any CPU
		{49D243F3-5D11-C457-D715-657C204FCEEC}.Release|Any CPU.ActiveCfg = Debug|Any CPU
		{49D243F3-5D11-C457-D715-657C204FCEEC}.Release|Any CPU.Build.0 = Debug|Any CPU
	EndGlobalSection
	GlobalSection(SolutionProperties) = preSolution
		HideSolutionNode = FALSE
	EndGlobalSection
	GlobalSection(ExtensibilityGlobals) = postSolution
		SolutionGuid = {FFC76231-3CF9-4650-B6BF-2B6EA294F0F3}
	EndGlobalSection
EndGlobal
