
Microsoft Visual Studio Solution File, Format Version 12.00
# Visual Studio Version 17
VisualStudioVersion = 17.14.36414.22 d17.14
MinimumVisualStudioVersion = 10.0.40219.1
Project("{FAE04EC0-301F-11D3-BF4B-00C04F79EFBC}") = "API", "API\API.csproj", "{4F8454BC-6F7B-411B-A125-D3468D818FC9}"
EndProject
Project("{FAE04EC0-301F-11D3-BF4B-00C04F79EFBC}") = "Models", "Models\Models.csproj", "{AE982792-56F4-440F-9E96-8DB9F8784605}"
EndProject
Project("{FAE04EC0-301F-11D3-BF4B-00C04F79EFBC}") = "Services", "Services\Services.csproj", "{88BAA140-B4D1-4C8A-A609-8DFA647F9388}"
EndProject
Global
	GlobalSection(SolutionConfigurationPlatforms) = preSolution
		Debug|Any CPU = Debug|Any CPU
		Release|Any CPU = Release|Any CPU
	EndGlobalSection
	GlobalSection(ProjectConfigurationPlatforms) = postSolution
		{4F8454BC-6F7B-411B-A125-D3468D818FC9}.Debug|Any CPU.ActiveCfg = Debug|Any CPU
		{4F8454BC-6F7B-411B-A125-D3468D818FC9}.Debug|Any CPU.Build.0 = Debug|Any CPU
		{4F8454BC-6F7B-411B-A125-D3468D818FC9}.Release|Any CPU.ActiveCfg = Release|Any CPU
		{4F8454BC-6F7B-411B-A125-D3468D818FC9}.Release|Any CPU.Build.0 = Release|Any CPU
		{AE982792-56F4-440F-9E96-8DB9F8784605}.Debug|Any CPU.ActiveCfg = Debug|Any CPU
		{AE982792-56F4-440F-9E96-8DB9F8784605}.Debug|Any CPU.Build.0 = Debug|Any CPU
		{AE982792-56F4-440F-9E96-8DB9F8784605}.Release|Any CPU.ActiveCfg = Release|Any CPU
		{AE982792-56F4-440F-9E96-8DB9F8784605}.Release|Any CPU.Build.0 = Release|Any CPU
		{88BAA140-B4D1-4C8A-A609-8DFA647F9388}.Debug|Any CPU.ActiveCfg = Debug|Any CPU
		{88BAA140-B4D1-4C8A-A609-8DFA647F9388}.Debug|Any CPU.Build.0 = Debug|Any CPU
		{88BAA140-B4D1-4C8A-A609-8DFA647F9388}.Release|Any CPU.ActiveCfg = Release|Any CPU
		{88BAA140-B4D1-4C8A-A609-8DFA647F9388}.Release|Any CPU.Build.0 = Release|Any CPU
	EndGlobalSection
	GlobalSection(SolutionProperties) = preSolution
		HideSolutionNode = FALSE
	EndGlobalSection
	GlobalSection(ExtensibilityGlobals) = postSolution
		SolutionGuid = {FFC76231-3CF9-4650-B6BF-2B6EA294F0F3}
	EndGlobalSection
EndGlobal
